
Microsoft Visual Studio Solution File, Format Version 11.00
# Visual C# Express 2010
Project("{FAE04EC0-301F-11D3-BF4B-00C04F79EFBC}") = "chalks", "chalks\chalks.csproj", "{684828A2-3F76-4E0E-9C35-2D81A41800A5}"
EndProject
Global
	GlobalSection(SolutionConfigurationPlatforms) = preSolution
		Debug|x86 = Debug|x86
		Release|x86 = Release|x86
	EndGlobalSection
	GlobalSection(ProjectConfigurationPlatforms) = postSolution
		{684828A2-3F76-4E0E-9C35-2D81A41800A5}.Debug|x86.ActiveCfg = Debug|x86
		{684828A2-3F76-4E0E-9C35-2D81A41800A5}.Debug|x86.Build.0 = Debug|x86
		{684828A2-3F76-4E0E-9C35-2D81A41800A5}.Release|x86.ActiveCfg = Release|x86
		{684828A2-3F76-4E0E-9C35-2D81A41800A5}.Release|x86.Build.0 = Release|x86
	EndGlobalSection
	GlobalSection(SolutionProperties) = preSolution
		HideSolutionNode = FALSE
	EndGlobalSection
EndGlobal
